
Microsoft Visual Studio Solution File, Format Version 12.00
# Visual Studio Version 17
VisualStudioVersion = 17.3.32922.545
MinimumVisualStudioVersion = 10.0.40219.1
Project("{FAE04EC0-301F-11D3-BF4B-00C04F79EFBC}") = "Labs_1", "Labs_1\Labs_1.csproj", "{46D40590-05E1-4C81-94D4-8F0D3D366A65}"
EndProject
Global
	GlobalSection(SolutionConfigurationPlatforms) = preSolution
		Debug|Any CPU = Debug|Any CPU
		Release|Any CPU = Release|Any CPU
	EndGlobalSection
	GlobalSection(ProjectConfigurationPlatforms) = postSolution
		{46D40590-05E1-4C81-94D4-8F0D3D366A65}.Debug|Any CPU.ActiveCfg = Debug|Any CPU
		{46D40590-05E1-4C81-94D4-8F0D3D366A65}.Debug|Any CPU.Build.0 = Debug|Any CPU
		{46D40590-05E1-4C81-94D4-8F0D3D366A65}.Release|Any CPU.ActiveCfg = Release|Any CPU
		{46D40590-05E1-4C81-94D4-8F0D3D366A65}.Release|Any CPU.Build.0 = Release|Any CPU
	EndGlobalSection
	GlobalSection(SolutionProperties) = preSolution
		HideSolutionNode = FALSE
	EndGlobalSection
	GlobalSection(ExtensibilityGlobals) = postSolution
		SolutionGuid = {05147385-F9C4-4362-A3A7-76112521C3C2}
	EndGlobalSection
EndGlobal
